
Microsoft Visual Studio Solution File, Format Version 12.00
# Visual Studio Version 16
VisualStudioVersion = 16.0.30611.23
MinimumVisualStudioVersion = 10.0.40219.1
Project("{2150E333-8FDC-42A3-9474-1A3956D46DE8}") = "Core", "Core", "{F88B9AAD-A108-4C41-BD0C-FAE76A3ADBE4}"
EndProject
Project("{2150E333-8FDC-42A3-9474-1A3956D46DE8}") = "IfrastructureAdapters", "IfrastructureAdapters", "{0730D6D3-7251-4EDB-87CB-8910AB6C2578}"
EndProject
Project("{2150E333-8FDC-42A3-9474-1A3956D46DE8}") = "PrimaryDrivers", "PrimaryDrivers", "{53BE871E-8B9C-4806-AE98-1BB3562167CC}"
EndProject
Project("{2150E333-8FDC-42A3-9474-1A3956D46DE8}") = "Tests", "Tests", "{451117DB-E7EC-4773-878B-EDF33C23FBF8}"
EndProject
Project("{9A19103F-16F7-4668-BE54-9A1E7A4F7556}") = "InnoTech.Core.Entity", "InnoTech.Core.Entity\InnoTech.Core.Entity.csproj", "{58E4C35D-6A9F-45CB-B914-DEDE9DFA4EA1}"
EndProject
Project("{9A19103F-16F7-4668-BE54-9A1E7A4F7556}") = "InnoTech.Core.PrimaryDriver.Adapters.Test", "InnoTech.Core.PrimaryDriver.Adapters.Test\InnoTech.Core.PrimaryDriver.Adapters.Test.csproj", "{E0B1E5B5-AF7B-4344-9209-4E0C18D6C8E1}"
EndProject
Project("{9A19103F-16F7-4668-BE54-9A1E7A4F7556}") = "InnoTech.Core.PrimaryDriver.Ports", "InnoTech.Core.PrimaryDriver.Ports\InnoTech.Core.PrimaryDriver.Ports.csproj", "{E9C6378F-AA64-4354-B580-3DFED80B5422}"
EndProject
Project("{9A19103F-16F7-4668-BE54-9A1E7A4F7556}") = "InnoTech.Core.PrimaryDriver.Adapters", "InnoTech.Core.PrimaryDriver.Adapters\InnoTech.Core.PrimaryDriver.Adapters.csproj", "{4952FC11-B9BD-4908-96D3-AAE78B0766FE}"
EndProject
Project("{9A19103F-16F7-4668-BE54-9A1E7A4F7556}") = "InnoTech.Core.Infratructure.Ports", "InnoTech.Core.Infratructure.Ports\InnoTech.Core.Infratructure.Ports.csproj", "{C98D8A8E-32DA-40A5-AB5F-2B7C7CE83506}"
EndProject
Project("{FAE04EC0-301F-11D3-BF4B-00C04F79EFBC}") = "InnoTech.Infrastructure.Adapters.SQLData", "InnoTech.Infrastructure.Adapters.SQLData\InnoTech.Infrastructure.Adapters.SQLData.csproj", "{9E64EBAB-3517-441F-AF15-DAC9B6931BF1}"
EndProject
Project("{FAE04EC0-301F-11D3-BF4B-00C04F79EFBC}") = "InnoTech.Infrastructure.Adapters.SQLData.Test", "InnoTech.Infrastructure.Adapters.SQLData.Test\InnoTech.Infrastructure.Adapters.SQLData.Test.csproj", "{8F3ADEA8-5EA8-4E27-B757-5295540EEFA1}"
EndProject
Project("{FAE04EC0-301F-11D3-BF4B-00C04F79EFBC}") = "InnoTech.Test.Helpers", "InnoTech.Test.Helpers\InnoTech.Test.Helpers.csproj", "{FE9582FA-B2F3-42C5-B7B9-C064B7D8A938}"
EndProject
Global
	GlobalSection(SolutionConfigurationPlatforms) = preSolution
		Debug|Any CPU = Debug|Any CPU
		Release|Any CPU = Release|Any CPU
	EndGlobalSection
	GlobalSection(ProjectConfigurationPlatforms) = postSolution
		{58E4C35D-6A9F-45CB-B914-DEDE9DFA4EA1}.Debug|Any CPU.ActiveCfg = Debug|Any CPU
		{58E4C35D-6A9F-45CB-B914-DEDE9DFA4EA1}.Debug|Any CPU.Build.0 = Debug|Any CPU
		{58E4C35D-6A9F-45CB-B914-DEDE9DFA4EA1}.Release|Any CPU.ActiveCfg = Release|Any CPU
		{58E4C35D-6A9F-45CB-B914-DEDE9DFA4EA1}.Release|Any CPU.Build.0 = Release|Any CPU
		{E0B1E5B5-AF7B-4344-9209-4E0C18D6C8E1}.Debug|Any CPU.ActiveCfg = Debug|Any CPU
		{E0B1E5B5-AF7B-4344-9209-4E0C18D6C8E1}.Debug|Any CPU.Build.0 = Debug|Any CPU
		{E0B1E5B5-AF7B-4344-9209-4E0C18D6C8E1}.Release|Any CPU.ActiveCfg = Release|Any CPU
		{E0B1E5B5-AF7B-4344-9209-4E0C18D6C8E1}.Release|Any CPU.Build.0 = Release|Any CPU
		{E9C6378F-AA64-4354-B580-3DFED80B5422}.Debug|Any CPU.ActiveCfg = Debug|Any CPU
		{E9C6378F-AA64-4354-B580-3DFED80B5422}.Debug|Any CPU.Build.0 = Debug|Any CPU
		{E9C6378F-AA64-4354-B580-3DFED80B5422}.Release|Any CPU.ActiveCfg = Release|Any CPU
		{E9C6378F-AA64-4354-B580-3DFED80B5422}.Release|Any CPU.Build.0 = Release|Any CPU
		{4952FC11-B9BD-4908-96D3-AAE78B0766FE}.Debug|Any CPU.ActiveCfg = Debug|Any CPU
		{4952FC11-B9BD-4908-96D3-AAE78B0766FE}.Debug|Any CPU.Build.0 = Debug|Any CPU
		{4952FC11-B9BD-4908-96D3-AAE78B0766FE}.Release|Any CPU.ActiveCfg = Release|Any CPU
		{4952FC11-B9BD-4908-96D3-AAE78B0766FE}.Release|Any CPU.Build.0 = Release|Any CPU
		{C98D8A8E-32DA-40A5-AB5F-2B7C7CE83506}.Debug|Any CPU.ActiveCfg = Debug|Any CPU
		{C98D8A8E-32DA-40A5-AB5F-2B7C7CE83506}.Debug|Any CPU.Build.0 = Debug|Any CPU
		{C98D8A8E-32DA-40A5-AB5F-2B7C7CE83506}.Release|Any CPU.ActiveCfg = Release|Any CPU
		{C98D8A8E-32DA-40A5-AB5F-2B7C7CE83506}.Release|Any CPU.Build.0 = Release|Any CPU
		{9E64EBAB-3517-441F-AF15-DAC9B6931BF1}.Debug|Any CPU.ActiveCfg = Debug|Any CPU
		{9E64EBAB-3517-441F-AF15-DAC9B6931BF1}.Debug|Any CPU.Build.0 = Debug|Any CPU
		{9E64EBAB-3517-441F-AF15-DAC9B6931BF1}.Release|Any CPU.ActiveCfg = Release|Any CPU
		{9E64EBAB-3517-441F-AF15-DAC9B6931BF1}.Release|Any CPU.Build.0 = Release|Any CPU
		{8F3ADEA8-5EA8-4E27-B757-5295540EEFA1}.Debug|Any CPU.ActiveCfg = Debug|Any CPU
		{8F3ADEA8-5EA8-4E27-B757-5295540EEFA1}.Debug|Any CPU.Build.0 = Debug|Any CPU
		{8F3ADEA8-5EA8-4E27-B757-5295540EEFA1}.Release|Any CPU.ActiveCfg = Release|Any CPU
		{8F3ADEA8-5EA8-4E27-B757-5295540EEFA1}.Release|Any CPU.Build.0 = Release|Any CPU
		{FE9582FA-B2F3-42C5-B7B9-C064B7D8A938}.Debug|Any CPU.ActiveCfg = Debug|Any CPU
		{FE9582FA-B2F3-42C5-B7B9-C064B7D8A938}.Debug|Any CPU.Build.0 = Debug|Any CPU
		{FE9582FA-B2F3-42C5-B7B9-C064B7D8A938}.Release|Any CPU.ActiveCfg = Release|Any CPU
		{FE9582FA-B2F3-42C5-B7B9-C064B7D8A938}.Release|Any CPU.Build.0 = Release|Any CPU
	EndGlobalSection
	GlobalSection(SolutionProperties) = preSolution
		HideSolutionNode = FALSE
	EndGlobalSection
	GlobalSection(NestedProjects) = preSolution
		{58E4C35D-6A9F-45CB-B914-DEDE9DFA4EA1} = {F88B9AAD-A108-4C41-BD0C-FAE76A3ADBE4}
		{E0B1E5B5-AF7B-4344-9209-4E0C18D6C8E1} = {451117DB-E7EC-4773-878B-EDF33C23FBF8}
		{E9C6378F-AA64-4354-B580-3DFED80B5422} = {F88B9AAD-A108-4C41-BD0C-FAE76A3ADBE4}
		{4952FC11-B9BD-4908-96D3-AAE78B0766FE} = {F88B9AAD-A108-4C41-BD0C-FAE76A3ADBE4}
		{C98D8A8E-32DA-40A5-AB5F-2B7C7CE83506} = {F88B9AAD-A108-4C41-BD0C-FAE76A3ADBE4}
		{9E64EBAB-3517-441F-AF15-DAC9B6931BF1} = {0730D6D3-7251-4EDB-87CB-8910AB6C2578}
		{8F3ADEA8-5EA8-4E27-B757-5295540EEFA1} = {451117DB-E7EC-4773-878B-EDF33C23FBF8}
		{FE9582FA-B2F3-42C5-B7B9-C064B7D8A938} = {451117DB-E7EC-4773-878B-EDF33C23FBF8}
	EndGlobalSection
	GlobalSection(ExtensibilityGlobals) = postSolution
		SolutionGuid = {CED97EBD-8B3B-4430-A86D-F225B8EC6F1E}
	EndGlobalSection
EndGlobal
